// !$*UTF8*$!
{
	archiveVersion = 1;
	classes = {
	};
	objectVersion = 50;
	objects = {

/* Begin PBXBuildFile section */
		4BBCA9F6216DB2E2006C0EF1 /* AppDelegate.swift in Sources */ = {isa = PBXBuildFile; fileRef = 4BBCA9F5216DB2E2006C0EF1 /* AppDelegate.swift */; };
		4BBCA9F8216DB2E2006C0EF1 /* ViewController.swift in Sources */ = {isa = PBXBuildFile; fileRef = 4BBCA9F7216DB2E2006C0EF1 /* ViewController.swift */; };
		4BBCA9FB216DB2E2006C0EF1 /* Main.storyboard in Resources */ = {isa = PBXBuildFile; fileRef = 4BBCA9F9216DB2E2006C0EF1 /* Main.storyboard */; };
		4BBCA9FD216DB2F4006C0EF1 /* Assets.xcassets in Resources */ = {isa = PBXBuildFile; fileRef = 4BBCA9FC216DB2F4006C0EF1 /* Assets.xcassets */; };
		4BBCAA00216DB2F4006C0EF1 /* LaunchScreen.storyboard in Resources */ = {isa = PBXBuildFile; fileRef = 4BBCA9FE216DB2F4006C0EF1 /* LaunchScreen.storyboard */; };
		4BBCAA0B216DB2F5006C0EF1 /* OTPTests.swift in Sources */ = {isa = PBXBuildFile; fileRef = 4BBCAA0A216DB2F5006C0EF1 /* OTPTests.swift */; };
		4BBCAA16216DB2F5006C0EF1 /* OTPUITests.swift in Sources */ = {isa = PBXBuildFile; fileRef = 4BBCAA15216DB2F5006C0EF1 /* OTPUITests.swift */; };
/* End PBXBuildFile section */

/* Begin PBXContainerItemProxy section */
		4BBCAA07216DB2F5006C0EF1 /* PBXContainerItemProxy */ = {
			isa = PBXContainerItemProxy;
			containerPortal = 4BBCA9EA216DB2E1006C0EF1 /* Project object */;
			proxyType = 1;
			remoteGlobalIDString = 4BBCA9F1216DB2E1006C0EF1;
			remoteInfo = OTP;
		};
		4BBCAA12216DB2F5006C0EF1 /* PBXContainerItemProxy */ = {
			isa = PBXContainerItemProxy;
			containerPortal = 4BBCA9EA216DB2E1006C0EF1 /* Project object */;
			proxyType = 1;
			remoteGlobalIDString = 4BBCA9F1216DB2E1006C0EF1;
			remoteInfo = OTP;
		};
/* End PBXContainerItemProxy section */

/* Begin PBXFileReference section */
		4BBCA9F2216DB2E2006C0EF1 /* OTP.app */ = {isa = PBXFileReference; explicitFileType = wrapper.application; includeInIndex = 0; path = OTP.app; sourceTree = BUILT_PRODUCTS_DIR; };
		4BBCA9F5216DB2E2006C0EF1 /* AppDelegate.swift */ = {isa = PBXFileReference; lastKnownFileType = sourcecode.swift; path = AppDelegate.swift; sourceTree = "<group>"; };
		4BBCA9F7216DB2E2006C0EF1 /* ViewController.swift */ = {isa = PBXFileReference; lastKnownFileType = sourcecode.swift; path = ViewController.swift; sourceTree = "<group>"; };
		4BBCA9FA216DB2E2006C0EF1 /* Base */ = {isa = PBXFileReference; lastKnownFileType = file.storyboard; name = Base; path = Base.lproj/Main.storyboard; sourceTree = "<group>"; };
		4BBCA9FC216DB2F4006C0EF1 /* Assets.xcassets */ = {isa = PBXFileReference; lastKnownFileType = folder.assetcatalog; path = Assets.xcassets; sourceTree = "<group>"; };
		4BBCA9FF216DB2F4006C0EF1 /* Base */ = {isa = PBXFileReference; lastKnownFileType = file.storyboard; name = Base; path = Base.lproj/LaunchScreen.storyboard; sourceTree = "<group>"; };
		4BBCAA01216DB2F4006C0EF1 /* Info.plist */ = {isa = PBXFileReference; lastKnownFileType = text.plist.xml; path = Info.plist; sourceTree = "<group>"; };
		4BBCAA06216DB2F5006C0EF1 /* OTPTests.xctest */ = {isa = PBXFileReference; explicitFileType = wrapper.cfbundle; includeInIndex = 0; path = OTPTests.xctest; sourceTree = BUILT_PRODUCTS_DIR; };
		4BBCAA0A216DB2F5006C0EF1 /* OTPTests.swift */ = {isa = PBXFileReference; lastKnownFileType = sourcecode.swift; path = OTPTests.swift; sourceTree = "<group>"; };
		4BBCAA0C216DB2F5006C0EF1 /* Info.plist */ = {isa = PBXFileReference; lastKnownFileType = text.plist.xml; path = Info.plist; sourceTree = "<group>"; };
		4BBCAA11216DB2F5006C0EF1 /* OTPUITests.xctest */ = {isa = PBXFileReference; explicitFileType = wrapper.cfbundle; includeInIndex = 0; path = OTPUITests.xctest; sourceTree = BUILT_PRODUCTS_DIR; };
		4BBCAA15216DB2F5006C0EF1 /* OTPUITests.swift */ = {isa = PBXFileReference; lastKnownFileType = sourcecode.swift; path = OTPUITests.swift; sourceTree = "<group>"; };
		4BBCAA17216DB2F5006C0EF1 /* Info.plist */ = {isa = PBXFileReference; lastKnownFileType = text.plist.xml; path = Info.plist; sourceTree = "<group>"; };
/* End PBXFileReference section */

/* Begin PBXFrameworksBuildPhase section */
		4BBCA9EF216DB2E1006C0EF1 /* Frameworks */ = {
			isa = PBXFrameworksBuildPhase;
			buildActionMask = 2147483647;
			files = (
			);
			runOnlyForDeploymentPostprocessing = 0;
		};
		4BBCAA03216DB2F5006C0EF1 /* Frameworks */ = {
			isa = PBXFrameworksBuildPhase;
			buildActionMask = 2147483647;
			files = (
			);
			runOnlyForDeploymentPostprocessing = 0;
		};
		4BBCAA0E216DB2F5006C0EF1 /* Frameworks */ = {
			isa = PBXFrameworksBuildPhase;
			buildActionMask = 2147483647;
			files = (
			);
			runOnlyForDeploymentPostprocessing = 0;
		};
/* End PBXFrameworksBuildPhase section */

/* Begin PBXGroup section */
		4BBCA9E9216DB2E1006C0EF1 = {
			isa = PBXGroup;
			children = (
				4BBCA9F4216DB2E2006C0EF1 /* OTP */,
				4BBCAA09216DB2F5006C0EF1 /* OTPTests */,
				4BBCAA14216DB2F5006C0EF1 /* OTPUITests */,
				4BBCA9F3216DB2E2006C0EF1 /* Products */,
			);
			sourceTree = "<group>";
		};
		4BBCA9F3216DB2E2006C0EF1 /* Products */ = {
			isa = PBXGroup;
			children = (
				4BBCA9F2216DB2E2006C0EF1 /* OTP.app */,
				4BBCAA06216DB2F5006C0EF1 /* OTPTests.xctest */,
				4BBCAA11216DB2F5006C0EF1 /* OTPUITests.xctest */,
			);
			name = Products;
			sourceTree = "<group>";
		};
		4BBCA9F4216DB2E2006C0EF1 /* OTP */ = {
			isa = PBXGroup;
			children = (
				4BBCA9F5216DB2E2006C0EF1 /* AppDelegate.swift */,
				4BBCA9F7216DB2E2006C0EF1 /* ViewController.swift */,
				4BBCA9F9216DB2E2006C0EF1 /* Main.storyboard */,
				4BBCA9FC216DB2F4006C0EF1 /* Assets.xcassets */,
				4BBCA9FE216DB2F4006C0EF1 /* LaunchScreen.storyboard */,
				4BBCAA01216DB2F4006C0EF1 /* Info.plist */,
			);
			path = OTP;
			sourceTree = "<group>";
		};
		4BBCAA09216DB2F5006C0EF1 /* OTPTests */ = {
			isa = PBXGroup;
			children = (
				4BBCAA0A216DB2F5006C0EF1 /* OTPTests.swift */,
				4BBCAA0C216DB2F5006C0EF1 /* Info.plist */,
			);
			path = OTPTests;
			sourceTree = "<group>";
		};
		4BBCAA14216DB2F5006C0EF1 /* OTPUITests */ = {
			isa = PBXGroup;
			children = (
				4BBCAA15216DB2F5006C0EF1 /* OTPUITests.swift */,
				4BBCAA17216DB2F5006C0EF1 /* Info.plist */,
			);
			path = OTPUITests;
			sourceTree = "<group>";
		};
/* End PBXGroup section */

/* Begin PBXNativeTarget section */
		4BBCA9F1216DB2E1006C0EF1 /* OTP */ = {
			isa = PBXNativeTarget;
			buildConfigurationList = 4BBCAA1A216DB2F5006C0EF1 /* Build configuration list for PBXNativeTarget "OTP" */;
			buildPhases = (
				4BBCA9EE216DB2E1006C0EF1 /* Sources */,
				4BBCA9EF216DB2E1006C0EF1 /* Frameworks */,
				4BBCA9F0216DB2E1006C0EF1 /* Resources */,
			);
			buildRules = (
			);
			dependencies = (
			);
			name = OTP;
			productName = OTP;
			productReference = 4BBCA9F2216DB2E2006C0EF1 /* OTP.app */;
			productType = "com.apple.product-type.application";
		};
		4BBCAA05216DB2F5006C0EF1 /* OTPTests */ = {
			isa = PBXNativeTarget;
			buildConfigurationList = 4BBCAA1D216DB2F5006C0EF1 /* Build configuration list for PBXNativeTarget "OTPTests" */;
			buildPhases = (
				4BBCAA02216DB2F5006C0EF1 /* Sources */,
				4BBCAA03216DB2F5006C0EF1 /* Frameworks */,
				4BBCAA04216DB2F5006C0EF1 /* Resources */,
			);
			buildRules = (
			);
			dependencies = (
				4BBCAA08216DB2F5006C0EF1 /* PBXTargetDependency */,
			);
			name = OTPTests;
			productName = OTPTests;
			productReference = 4BBCAA06216DB2F5006C0EF1 /* OTPTests.xctest */;
			productType = "com.apple.product-type.bundle.unit-test";
		};
		4BBCAA10216DB2F5006C0EF1 /* OTPUITests */ = {
			isa = PBXNativeTarget;
			buildConfigurationList = 4BBCAA20216DB2F5006C0EF1 /* Build configuration list for PBXNativeTarget "OTPUITests" */;
			buildPhases = (
				4BBCAA0D216DB2F5006C0EF1 /* Sources */,
				4BBCAA0E216DB2F5006C0EF1 /* Frameworks */,
				4BBCAA0F216DB2F5006C0EF1 /* Resources */,
			);
			buildRules = (
			);
			dependencies = (
				4BBCAA13216DB2F5006C0EF1 /* PBXTargetDependency */,
			);
			name = OTPUITests;
			productName = OTPUITests;
			productReference = 4BBCAA11216DB2F5006C0EF1 /* OTPUITests.xctest */;
			productType = "com.apple.product-type.bundle.ui-testing";
		};
/* End PBXNativeTarget section */

/* Begin PBXProject section */
		4BBCA9EA216DB2E1006C0EF1 /* Project object */ = {
			isa = PBXProject;
			attributes = {
				LastSwiftUpdateCheck = 1000;
				LastUpgradeCheck = 1000;
				ORGANIZATIONNAME = okai;
				TargetAttributes = {
					4BBCA9F1216DB2E1006C0EF1 = {
						CreatedOnToolsVersion = 10.0;
					};
					4BBCAA05216DB2F5006C0EF1 = {
						CreatedOnToolsVersion = 10.0;
						TestTargetID = 4BBCA9F1216DB2E1006C0EF1;
					};
					4BBCAA10216DB2F5006C0EF1 = {
						CreatedOnToolsVersion = 10.0;
						TestTargetID = 4BBCA9F1216DB2E1006C0EF1;
					};
				};
			};
			buildConfigurationList = 4BBCA9ED216DB2E1006C0EF1 /* Build configuration list for PBXProject "OTP" */;
			compatibilityVersion = "Xcode 9.3";
			developmentRegion = en;
			hasScannedForEncodings = 0;
			knownRegions = (
				en,
				Base,
			);
			mainGroup = 4BBCA9E9216DB2E1006C0EF1;
			productRefGroup = 4BBCA9F3216DB2E2006C0EF1 /* Products */;
			projectDirPath = "";
			projectRoot = "";
			targets = (
				4BBCA9F1216DB2E1006C0EF1 /* OTP */,
				4BBCAA05216DB2F5006C0EF1 /* OTPTests */,
				4BBCAA10216DB2F5006C0EF1 /* OTPUITests */,
			);
		};
/* End PBXProject section */

/* Begin PBXResourcesBuildPhase section */
		4BBCA9F0216DB2E1006C0EF1 /* Resources */ = {
			isa = PBXResourcesBuildPhase;
			buildActionMask = 2147483647;
			files = (
				4BBCAA00216DB2F4006C0EF1 /* LaunchScreen.storyboard in Resources */,
				4BBCA9FD216DB2F4006C0EF1 /* Assets.xcassets in Resources */,
				4BBCA9FB216DB2E2006C0EF1 /* Main.storyboard in Resources */,
			);
			runOnlyForDeploymentPostprocessing = 0;
		};
		4BBCAA04216DB2F5006C0EF1 /* Resources */ = {
			isa = PBXResourcesBuildPhase;
			buildActionMask = 2147483647;
			files = (
			);
			runOnlyForDeploymentPostprocessing = 0;
		};
		4BBCAA0F216DB2F5006C0EF1 /* Resources */ = {
			isa = PBXResourcesBuildPhase;
			buildActionMask = 2147483647;
			files = (
			);
			runOnlyForDeploymentPostprocessing = 0;
		};
/* End PBXResourcesBuildPhase section */

/* Begin PBXSourcesBuildPhase section */
		4BBCA9EE216DB2E1006C0EF1 /* Sources */ = {
			isa = PBXSourcesBuildPhase;
			buildActionMask = 2147483647;
			files = (
				4BBCA9F8216DB2E2006C0EF1 /* ViewController.swift in Sources */,
				4BBCA9F6216DB2E2006C0EF1 /* AppDelegate.swift in Sources */,
			);
			runOnlyForDeploymentPostprocessing = 0;
		};
		4BBCAA02216DB2F5006C0EF1 /* Sources */ = {
			isa = PBXSourcesBuildPhase;
			buildActionMask = 2147483647;
			files = (
				4BBCAA0B216DB2F5006C0EF1 /* OTPTests.swift in Sources */,
			);
			runOnlyForDeploymentPostprocessing = 0;
		};
		4BBCAA0D216DB2F5006C0EF1 /* Sources */ = {
			isa = PBXSourcesBuildPhase;
			buildActionMask = 2147483647;
			files = (
				4BBCAA16216DB2F5006C0EF1 /* OTPUITests.swift in Sources */,
			);
			runOnlyForDeploymentPostprocessing = 0;
		};
/* End PBXSourcesBuildPhase section */

/* Begin PBXTargetDependency section */
		4BBCAA08216DB2F5006C0EF1 /* PBXTargetDependency */ = {
			isa = PBXTargetDependency;
			target = 4BBCA9F1216DB2E1006C0EF1 /* OTP */;
			targetProxy = 4BBCAA07216DB2F5006C0EF1 /* PBXContainerItemProxy */;
		};
		4BBCAA13216DB2F5006C0EF1 /* PBXTargetDependency */ = {
			isa = PBXTargetDependency;
			target = 4BBCA9F1216DB2E1006C0EF1 /* OTP */;
			targetProxy = 4BBCAA12216DB2F5006C0EF1 /* PBXContainerItemProxy */;
		};
/* End PBXTargetDependency section */

/* Begin PBXVariantGroup section */
		4BBCA9F9216DB2E2006C0EF1 /* Main.storyboard */ = {
			isa = PBXVariantGroup;
			children = (
				4BBCA9FA216DB2E2006C0EF1 /* Base */,
			);
			name = Main.storyboard;
			sourceTree = "<group>";
		};
		4BBCA9FE216DB2F4006C0EF1 /* LaunchScreen.storyboard */ = {
			isa = PBXVariantGroup;
			children = (
				4BBCA9FF216DB2F4006C0EF1 /* Base */,
			);
			name = LaunchScreen.storyboard;
			sourceTree = "<group>";
		};
/* End PBXVariantGroup section */

/* Begin XCBuildConfiguration section */
		4BBCAA18216DB2F5006C0EF1 /* Debug */ = {
			isa = XCBuildConfiguration;
			buildSettings = {
				ALWAYS_SEARCH_USER_PATHS = NO;
				CLANG_ANALYZER_NONNULL = YES;
				CLANG_ANALYZER_NUMBER_OBJECT_CONVERSION = YES_AGGRESSIVE;
				CLANG_CXX_LANGUAGE_STANDARD = "gnu++14";
				CLANG_CXX_LIBRARY = "libc++";
				CLANG_ENABLE_MODULES = YES;
				CLANG_ENABLE_OBJC_ARC = YES;
				CLANG_ENABLE_OBJC_WEAK = YES;
				CLANG_WARN_BLOCK_CAPTURE_AUTORELEASING = YES;
				CLANG_WARN_BOOL_CONVERSION = YES;
				CLANG_WARN_COMMA = YES;
				CLANG_WARN_CONSTANT_CONVERSION = YES;
				CLANG_WARN_DEPRECATED_OBJC_IMPLEMENTATIONS = YES;
				CLANG_WARN_DIRECT_OBJC_ISA_USAGE = YES_ERROR;
				CLANG_WARN_DOCUMENTATION_COMMENTS = YES;
				CLANG_WARN_EMPTY_BODY = YES;
				CLANG_WARN_ENUM_CONVERSION = YES;
				CLANG_WARN_INFINITE_RECURSION = YES;
				CLANG_WARN_INT_CONVERSION = YES;
				CLANG_WARN_NON_LITERAL_NULL_CONVERSION = YES;
				CLANG_WARN_OBJC_IMPLICIT_RETAIN_SELF = YES;
				CLANG_WARN_OBJC_LITERAL_CONVERSION = YES;
				CLANG_WARN_OBJC_ROOT_CLASS = YES_ERROR;
				CLANG_WARN_RANGE_LOOP_ANALYSIS = YES;
				CLANG_WARN_STRICT_PROTOTYPES = YES;
				CLANG_WARN_SUSPICIOUS_MOVE = YES;
				CLANG_WARN_UNGUARDED_AVAILABILITY = YES_AGGRESSIVE;
				CLANG_WARN_UNREACHABLE_CODE = YES;
				CLANG_WARN__DUPLICATE_METHOD_MATCH = YES;
				CODE_SIGN_IDENTITY = "iPhone Developer";
				COPY_PHASE_STRIP = NO;
				DEBUG_INFORMATION_FORMAT = dwarf;
				ENABLE_STRICT_OBJC_MSGSEND = YES;
				ENABLE_TESTABILITY = YES;
				GCC_C_LANGUAGE_STANDARD = gnu11;
				GCC_DYNAMIC_NO_PIC = NO;
				GCC_NO_COMMON_BLOCKS = YES;
				GCC_OPTIMIZATION_LEVEL = 0;
				GCC_PREPROCESSOR_DEFINITIONS = (
					"DEBUG=1",
					"$(inherited)",
				);
				GCC_WARN_64_TO_32_BIT_CONVERSION = YES;
				GCC_WARN_ABOUT_RETURN_TYPE = YES_ERROR;
				GCC_WARN_UNDECLARED_SELECTOR = YES;
				GCC_WARN_UNINITIALIZED_AUTOS = YES_AGGRESSIVE;
				GCC_WARN_UNUSED_FUNCTION = YES;
				GCC_WARN_UNUSED_VARIABLE = YES;
				IPHONEOS_DEPLOYMENT_TARGET = 12.0;
				MTL_ENABLE_DEBUG_INFO = INCLUDE_SOURCE;
				MTL_FAST_MATH = YES;
				ONLY_ACTIVE_ARCH = YES;
				SDKROOT = iphoneos;
				SWIFT_ACTIVE_COMPILATION_CONDITIONS = DEBUG;
				SWIFT_OPTIMIZATION_LEVEL = "-Onone";
			};
			name = Debug;
		};
		4BBCAA19216DB2F5006C0EF1 /* Release */ = {
			isa = XCBuildConfiguration;
			buildSettings = {
				ALWAYS_SEARCH_USER_PATHS = NO;
				CLANG_ANALYZER_NONNULL = YES;
				CLANG_ANALYZER_NUMBER_OBJECT_CONVERSION = YES_AGGRESSIVE;
				CLANG_CXX_LANGUAGE_STANDARD = "gnu++14";
				CLANG_CXX_LIBRARY = "libc++";
				CLANG_ENABLE_MODULES = YES;
				CLANG_ENABLE_OBJC_ARC = YES;
				CLANG_ENABLE_OBJC_WEAK = YES;
				CLANG_WARN_BLOCK_CAPTURE_AUTORELEASING = YES;
				CLANG_WARN_BOOL_CONVERSION = YES;
				CLANG_WARN_COMMA = YES;
				CLANG_WARN_CONSTANT_CONVERSION = YES;
				CLANG_WARN_DEPRECATED_OBJC_IMPLEMENTATIONS = YES;
				CLANG_WARN_DIRECT_OBJC_ISA_USAGE = YES_ERROR;
				CLANG_WARN_DOCUMENTATION_COMMENTS = YES;
				CLANG_WARN_EMPTY_BODY = YES;
				CLANG_WARN_ENUM_CONVERSION = YES;
				CLANG_WARN_INFINITE_RECURSION = YES;
				CLANG_WARN_INT_CONVERSION = YES;
				CLANG_WARN_NON_LITERAL_NULL_CONVERSION = YES;
				CLANG_WARN_OBJC_IMPLICIT_RETAIN_SELF = YES;
				CLANG_WARN_OBJC_LITERAL_CONVERSION = YES;
				CLANG_WARN_OBJC_ROOT_CLASS = YES_ERROR;
				CLANG_WARN_RANGE_LOOP_ANALYSIS = YES;
				CLANG_WARN_STRICT_PROTOTYPES = YES;
				CLANG_WARN_SUSPICIOUS_MOVE = YES;
				CLANG_WARN_UNGUARDED_AVAILABILITY = YES_AGGRESSIVE;
				CLANG_WARN_UNREACHABLE_CODE = YES;
				CLANG_WARN__DUPLICATE_METHOD_MATCH = YES;
				CODE_SIGN_IDENTITY = "iPhone Developer";
				COPY_PHASE_STRIP = NO;
				DEBUG_INFORMATION_FORMAT = "dwarf-with-dsym";
				ENABLE_NS_ASSERTIONS = NO;
				ENABLE_STRICT_OBJC_MSGSEND = YES;
				GCC_C_LANGUAGE_STANDARD = gnu11;
				GCC_NO_COMMON_BLOCKS = YES;
				GCC_WARN_64_TO_32_BIT_CONVERSION = YES;
				GCC_WARN_ABOUT_RETURN_TYPE = YES_ERROR;
				GCC_WARN_UNDECLARED_SELECTOR = YES;
				GCC_WARN_UNINITIALIZED_AUTOS = YES_AGGRESSIVE;
				GCC_WARN_UNUSED_FUNCTION = YES;
				GCC_WARN_UNUSED_VARIABLE = YES;
				IPHONEOS_DEPLOYMENT_TARGET = 12.0;
				MTL_ENABLE_DEBUG_INFO = NO;
				MTL_FAST_MATH = YES;
				SDKROOT = iphoneos;
				SWIFT_COMPILATION_MODE = wholemodule;
				SWIFT_OPTIMIZATION_LEVEL = "-O";
				VALIDATE_PRODUCT = YES;
			};
			name = Release;
		};
		4BBCAA1B216DB2F5006C0EF1 /* Debug */ = {
			isa = XCBuildConfiguration;
			buildSettings = {
				ASSETCATALOG_COMPILER_APPICON_NAME = AppIcon;
				CODE_SIGN_STYLE = Automatic;
				INFOPLIST_FILE = OTP/Info.plist;
				LD_RUNPATH_SEARCH_PATHS = (
					"$(inherited)",
					"@executable_path/Frameworks",
				);
				PRODUCT_BUNDLE_IDENTIFIER = test.OTP;
				PRODUCT_NAME = "$(TARGET_NAME)";
				SWIFT_VERSION = 4.2;
				TARGETED_DEVICE_FAMILY = "1,2";
			};
			name = Debug;
		};
		4BBCAA1C216DB2F5006C0EF1 /* Release */ = {
			isa = XCBuildConfiguration;
			buildSettings = {
				ASSETCATALOG_COMPILER_APPICON_NAME = AppIcon;
				CODE_SIGN_STYLE = Automatic;
				INFOPLIST_FILE = OTP/Info.plist;
				LD_RUNPATH_SEARCH_PATHS = (
					"$(inherited)",
					"@executable_path/Frameworks",
				);
				PRODUCT_BUNDLE_IDENTIFIER = test.OTP;
				PRODUCT_NAME = "$(TARGET_NAME)";
				SWIFT_VERSION = 4.2;
				TARGETED_DEVICE_FAMILY = "1,2";
			};
			name = Release;
		};
		4BBCAA1E216DB2F5006C0EF1 /* Debug */ = {
			isa = XCBuildConfiguration;
			buildSettings = {
				ALWAYS_EMBED_SWIFT_STANDARD_LIBRARIES = YES;
				BUNDLE_LOADER = "$(TEST_HOST)";
				CODE_SIGN_STYLE = Automatic;
				INFOPLIST_FILE = OTPTests/Info.plist;
				LD_RUNPATH_SEARCH_PATHS = (
					"$(inherited)",
					"@executable_path/Frameworks",
					"@loader_path/Frameworks",
				);
				PRODUCT_BUNDLE_IDENTIFIER = test.OTPTests;
				PRODUCT_NAME = "$(TARGET_NAME)";
				SWIFT_VERSION = 4.2;
				TARGETED_DEVICE_FAMILY = "1,2";
				TEST_HOST = "$(BUILT_PRODUCTS_DIR)/OTP.app/OTP";
			};
			name = Debug;
		};
		4BBCAA1F216DB2F5006C0EF1 /* Release */ = {
			isa = XCBuildConfiguration;
			buildSettings = {
				ALWAYS_EMBED_SWIFT_STANDARD_LIBRARIES = YES;
				BUNDLE_LOADER = "$(TEST_HOST)";
				CODE_SIGN_STYLE = Automatic;
				INFOPLIST_FILE = OTPTests/Info.plist;
				LD_RUNPATH_SEARCH_PATHS = (
					"$(inherited)",
					"@executable_path/Frameworks",
					"@loader_path/Frameworks",
				);
				PRODUCT_BUNDLE_IDENTIFIER = test.OTPTests;
				PRODUCT_NAME = "$(TARGET_NAME)";
				SWIFT_VERSION = 4.2;
				TARGETED_DEVICE_FAMILY = "1,2";
				TEST_HOST = "$(BUILT_PRODUCTS_DIR)/OTP.app/OTP";
			};
			name = Release;
		};
		4BBCAA21216DB2F5006C0EF1 /* Debug */ = {
			isa = XCBuildConfiguration;
			buildSettings = {
				ALWAYS_EMBED_SWIFT_STANDARD_LIBRARIES = YES;
				CODE_SIGN_STYLE = Automatic;
				INFOPLIST_FILE = OTPUITests/Info.plist;
				LD_RUNPATH_SEARCH_PATHS = (
					"$(inherited)",
					"@executable_path/Frameworks",
					"@loader_path/Frameworks",
				);
				PRODUCT_BUNDLE_IDENTIFIER = test.OTPUITests;
				PRODUCT_NAME = "$(TARGET_NAME)";
				SWIFT_VERSION = 4.2;
				TARGETED_DEVICE_FAMILY = "1,2";
				TEST_TARGET_NAME = OTP;
			};
			name = Debug;
		};
		4BBCAA22216DB2F5006C0EF1 /* Release */ = {
			isa = XCBuildConfiguration;
			buildSettings = {
				ALWAYS_EMBED_SWIFT_STANDARD_LIBRARIES = YES;
				CODE_SIGN_STYLE = Automatic;
				INFOPLIST_FILE = OTPUITests/Info.plist;
				LD_RUNPATH_SEARCH_PATHS = (
					"$(inherited)",
					"@executable_path/Frameworks",
					"@loader_path/Frameworks",
				);
				PRODUCT_BUNDLE_IDENTIFIER = test.OTPUITests;
				PRODUCT_NAME = "$(TARGET_NAME)";
				SWIFT_VERSION = 4.2;
				TARGETED_DEVICE_FAMILY = "1,2";
				TEST_TARGET_NAME = OTP;
			};
			name = Release;
		};
/* End XCBuildConfiguration section */

/* Begin XCConfigurationList section */
		4BBCA9ED216DB2E1006C0EF1 /* Build configuration list for PBXProject "OTP" */ = {
			isa = XCConfigurationList;
			buildConfigurations = (
				4BBCAA18216DB2F5006C0EF1 /* Debug */,
				4BBCAA19216DB2F5006C0EF1 /* Release */,
			);
			defaultConfigurationIsVisible = 0;
			defaultConfigurationName = Release;
		};
		4BBCAA1A216DB2F5006C0EF1 /* Build configuration list for PBXNativeTarget "OTP" */ = {
			isa = XCConfigurationList;
			buildConfigurations = (
				4BBCAA1B216DB2F5006C0EF1 /* Debug */,
				4BBCAA1C216DB2F5006C0EF1 /* Release */,
			);
			defaultConfigurationIsVisible = 0;
			defaultConfigurationName = Release;
		};
		4BBCAA1D216DB2F5006C0EF1 /* Build configuration list for PBXNativeTarget "OTPTests" */ = {
			isa = XCConfigurationList;
			buildConfigurations = (
				4BBCAA1E216DB2F5006C0EF1 /* Debug */,
				4BBCAA1F216DB2F5006C0EF1 /* Release */,
			);
			defaultConfigurationIsVisible = 0;
			defaultConfigurationName = Release;
		};
		4BBCAA20216DB2F5006C0EF1 /* Build configuration list for PBXNativeTarget "OTPUITests" */ = {
			isa = XCConfigurationList;
			buildConfigurations = (
				4BBCAA21216DB2F5006C0EF1 /* Debug */,
				4BBCAA22216DB2F5006C0EF1 /* Release */,
			);
			defaultConfigurationIsVisible = 0;
			defaultConfigurationName = Release;
		};
/* End XCConfigurationList section */
	};
	rootObject = 4BBCA9EA216DB2E1006C0EF1 /* Project object */;
}
